
Microsoft Visual Studio Solution File, Format Version 12.00
# Visual Studio Version 17
VisualStudioVersion = 17.13.35931.197 d17.13
MinimumVisualStudioVersion = 10.0.40219.1
Project("{FAE04EC0-301F-11D3-BF4B-00C04F79EFBC}") = "interfaces", "interfaces\interfaces.csproj", "{0391D12F-A08E-4279-899A-A1CE11F3332C}"
EndProject
Global
	GlobalSection(SolutionConfigurationPlatforms) = preSolution
		Debug|Any CPU = Debug|Any CPU
		Release|Any CPU = Release|Any CPU
	EndGlobalSection
	GlobalSection(ProjectConfigurationPlatforms) = postSolution
		{0391D12F-A08E-4279-899A-A1CE11F3332C}.Debug|Any CPU.ActiveCfg = Debug|Any CPU
		{0391D12F-A08E-4279-899A-A1CE11F3332C}.Debug|Any CPU.Build.0 = Debug|Any CPU
		{0391D12F-A08E-4279-899A-A1CE11F3332C}.Release|Any CPU.ActiveCfg = Release|Any CPU
		{0391D12F-A08E-4279-899A-A1CE11F3332C}.Release|Any CPU.Build.0 = Release|Any CPU
	EndGlobalSection
	GlobalSection(SolutionProperties) = preSolution
		HideSolutionNode = FALSE
	EndGlobalSection
	GlobalSection(ExtensibilityGlobals) = postSolution
		SolutionGuid = {948CF7A2-3B68-4417-9AE1-EC57361AB82A}
	EndGlobalSection
EndGlobal
