
Microsoft Visual Studio Solution File, Format Version 12.00
# Visual Studio Version 17
VisualStudioVersion = 17.13.35931.197 d17.13
MinimumVisualStudioVersion = 10.0.40219.1
Project("{FAE04EC0-301F-11D3-BF4B-00C04F79EFBC}") = "opertors", "opertors\opertors.csproj", "{EA4196BF-9363-42D0-8F54-4001ACD5A9AD}"
EndProject
Global
	GlobalSection(SolutionConfigurationPlatforms) = preSolution
		Debug|Any CPU = Debug|Any CPU
		Release|Any CPU = Release|Any CPU
	EndGlobalSection
	GlobalSection(ProjectConfigurationPlatforms) = postSolution
		{EA4196BF-9363-42D0-8F54-4001ACD5A9AD}.Debug|Any CPU.ActiveCfg = Debug|Any CPU
		{EA4196BF-9363-42D0-8F54-4001ACD5A9AD}.Debug|Any CPU.Build.0 = Debug|Any CPU
		{EA4196BF-9363-42D0-8F54-4001ACD5A9AD}.Release|Any CPU.ActiveCfg = Release|Any CPU
		{EA4196BF-9363-42D0-8F54-4001ACD5A9AD}.Release|Any CPU.Build.0 = Release|Any CPU
	EndGlobalSection
	GlobalSection(SolutionProperties) = preSolution
		HideSolutionNode = FALSE
	EndGlobalSection
	GlobalSection(ExtensibilityGlobals) = postSolution
		SolutionGuid = {2623E8D4-1A32-44E6-A840-4354FEA5DBCA}
	EndGlobalSection
EndGlobal
