
Microsoft Visual Studio Solution File, Format Version 12.00
# Visual Studio Version 17
VisualStudioVersion = 17.13.35931.197 d17.13
MinimumVisualStudioVersion = 10.0.40219.1
Project("{FAE04EC0-301F-11D3-BF4B-00C04F79EFBC}") = "customException", "customException\customException.csproj", "{FC17726C-4308-4B3E-92BA-A0EC429CF305}"
EndProject
Global
	GlobalSection(SolutionConfigurationPlatforms) = preSolution
		Debug|Any CPU = Debug|Any CPU
		Release|Any CPU = Release|Any CPU
	EndGlobalSection
	GlobalSection(ProjectConfigurationPlatforms) = postSolution
		{FC17726C-4308-4B3E-92BA-A0EC429CF305}.Debug|Any CPU.ActiveCfg = Debug|Any CPU
		{FC17726C-4308-4B3E-92BA-A0EC429CF305}.Debug|Any CPU.Build.0 = Debug|Any CPU
		{FC17726C-4308-4B3E-92BA-A0EC429CF305}.Release|Any CPU.ActiveCfg = Release|Any CPU
		{FC17726C-4308-4B3E-92BA-A0EC429CF305}.Release|Any CPU.Build.0 = Release|Any CPU
	EndGlobalSection
	GlobalSection(SolutionProperties) = preSolution
		HideSolutionNode = FALSE
	EndGlobalSection
	GlobalSection(ExtensibilityGlobals) = postSolution
		SolutionGuid = {E32A3F2B-8FD4-48E4-A131-40A3A7648CD5}
	EndGlobalSection
EndGlobal
