
Microsoft Visual Studio Solution File, Format Version 12.00
# Visual Studio Version 17
VisualStudioVersion = 17.13.35931.197 d17.13
MinimumVisualStudioVersion = 10.0.40219.1
Project("{FAE04EC0-301F-11D3-BF4B-00C04F79EFBC}") = "delegate", "delegate\delegate.csproj", "{71FDD4C3-31B2-4957-963B-DF26B0F95075}"
EndProject
Global
	GlobalSection(SolutionConfigurationPlatforms) = preSolution
		Debug|Any CPU = Debug|Any CPU
		Release|Any CPU = Release|Any CPU
	EndGlobalSection
	GlobalSection(ProjectConfigurationPlatforms) = postSolution
		{71FDD4C3-31B2-4957-963B-DF26B0F95075}.Debug|Any CPU.ActiveCfg = Debug|Any CPU
		{71FDD4C3-31B2-4957-963B-DF26B0F95075}.Debug|Any CPU.Build.0 = Debug|Any CPU
		{71FDD4C3-31B2-4957-963B-DF26B0F95075}.Release|Any CPU.ActiveCfg = Release|Any CPU
		{71FDD4C3-31B2-4957-963B-DF26B0F95075}.Release|Any CPU.Build.0 = Release|Any CPU
	EndGlobalSection
	GlobalSection(SolutionProperties) = preSolution
		HideSolutionNode = FALSE
	EndGlobalSection
	GlobalSection(ExtensibilityGlobals) = postSolution
		SolutionGuid = {38966165-8BE3-495A-8ECB-A5B21EF36A8B}
	EndGlobalSection
EndGlobal
