
Microsoft Visual Studio Solution File, Format Version 12.00
# Visual Studio Version 17
VisualStudioVersion = 17.13.35931.197 d17.13
MinimumVisualStudioVersion = 10.0.40219.1
Project("{FAE04EC0-301F-11D3-BF4B-00C04F79EFBC}") = "funcDelegate", "funcDelegate\funcDelegate.csproj", "{9CEE1F8C-73D8-4205-816C-565B3CDEF4B2}"
EndProject
Global
	GlobalSection(SolutionConfigurationPlatforms) = preSolution
		Debug|Any CPU = Debug|Any CPU
		Release|Any CPU = Release|Any CPU
	EndGlobalSection
	GlobalSection(ProjectConfigurationPlatforms) = postSolution
		{9CEE1F8C-73D8-4205-816C-565B3CDEF4B2}.Debug|Any CPU.ActiveCfg = Debug|Any CPU
		{9CEE1F8C-73D8-4205-816C-565B3CDEF4B2}.Debug|Any CPU.Build.0 = Debug|Any CPU
		{9CEE1F8C-73D8-4205-816C-565B3CDEF4B2}.Release|Any CPU.ActiveCfg = Release|Any CPU
		{9CEE1F8C-73D8-4205-816C-565B3CDEF4B2}.Release|Any CPU.Build.0 = Release|Any CPU
	EndGlobalSection
	GlobalSection(SolutionProperties) = preSolution
		HideSolutionNode = FALSE
	EndGlobalSection
	GlobalSection(ExtensibilityGlobals) = postSolution
		SolutionGuid = {5FBDAB30-87C5-4799-BD4E-68077AE037F8}
	EndGlobalSection
EndGlobal
